
Microsoft Visual Studio Solution File, Format Version 12.00
# Visual Studio 14
VisualStudioVersion = 14.0.25123.0
MinimumVisualStudioVersion = 10.0.40219.1
Project("{FAE04EC0-301F-11D3-BF4B-00C04F79EFBC}") = "MinimizingWeightedSum", "MinimizingWeightedSum\MinimizingWeightedSum.csproj", "{CF5A31FE-06FE-4900-89D6-5B081FAC1B4A}"
EndProject
Project("{FAE04EC0-301F-11D3-BF4B-00C04F79EFBC}") = "PrimAlgorithm", "PrimAlgorithm\PrimAlgorithm.csproj", "{9F870188-8AD7-4225-9256-793CF0391218}"
EndProject
Global
	GlobalSection(SolutionConfigurationPlatforms) = preSolution
		Debug|Any CPU = Debug|Any CPU
		Release|Any CPU = Release|Any CPU
	EndGlobalSection
	GlobalSection(ProjectConfigurationPlatforms) = postSolution
		{CF5A31FE-06FE-4900-89D6-5B081FAC1B4A}.Debug|Any CPU.ActiveCfg = Debug|Any CPU
		{CF5A31FE-06FE-4900-89D6-5B081FAC1B4A}.Debug|Any CPU.Build.0 = Debug|Any CPU
		{CF5A31FE-06FE-4900-89D6-5B081FAC1B4A}.Release|Any CPU.ActiveCfg = Release|Any CPU
		{CF5A31FE-06FE-4900-89D6-5B081FAC1B4A}.Release|Any CPU.Build.0 = Release|Any CPU
		{9F870188-8AD7-4225-9256-793CF0391218}.Debug|Any CPU.ActiveCfg = Debug|Any CPU
		{9F870188-8AD7-4225-9256-793CF0391218}.Debug|Any CPU.Build.0 = Debug|Any CPU
		{9F870188-8AD7-4225-9256-793CF0391218}.Release|Any CPU.ActiveCfg = Release|Any CPU
		{9F870188-8AD7-4225-9256-793CF0391218}.Release|Any CPU.Build.0 = Release|Any CPU
	EndGlobalSection
	GlobalSection(SolutionProperties) = preSolution
		HideSolutionNode = FALSE
	EndGlobalSection
EndGlobal
